
Microsoft Visual Studio Solution File, Format Version 12.00
# Visual Studio Version 16
VisualStudioVersion = 16.0.31605.320
MinimumVisualStudioVersion = 10.0.40219.1
Project("{FAE04EC0-301F-11D3-BF4B-00C04F79EFBC}") = "MovieBase", "MovieBase.csproj", "{9170856C-0949-4B09-B0EF-E5CA78DD2989}"
EndProject
Global
	GlobalSection(SolutionConfigurationPlatforms) = preSolution
		Debug|Any CPU = Debug|Any CPU
		Release|Any CPU = Release|Any CPU
	EndGlobalSection
	GlobalSection(ProjectConfigurationPlatforms) = postSolution
		{9170856C-0949-4B09-B0EF-E5CA78DD2989}.Debug|Any CPU.ActiveCfg = Debug|Any CPU
		{9170856C-0949-4B09-B0EF-E5CA78DD2989}.Debug|Any CPU.Build.0 = Debug|Any CPU
		{9170856C-0949-4B09-B0EF-E5CA78DD2989}.Release|Any CPU.ActiveCfg = Release|Any CPU
		{9170856C-0949-4B09-B0EF-E5CA78DD2989}.Release|Any CPU.Build.0 = Release|Any CPU
	EndGlobalSection
	GlobalSection(SolutionProperties) = preSolution
		HideSolutionNode = FALSE
	EndGlobalSection
	GlobalSection(ExtensibilityGlobals) = postSolution
		SolutionGuid = {46FD3876-7FF3-44B1-92F6-4B24450C8A6B}
	EndGlobalSection
EndGlobal
